
Microsoft Visual Studio Solution File, Format Version 12.00
# Visual Studio Version 17
VisualStudioVersion = 17.0.31903.59
MinimumVisualStudioVersion = 10.0.40219.1
Project("{2150E333-8FDC-42A3-9474-1A3956D46DE8}") = "src", "src", "{00DFC406-0A95-4C11-8BF2-4FD28C28061D}"
EndProject
Project("{F2A71F9B-5D33-465A-A702-920D77279786}") = "Library", "src\Library\Library.fsproj", "{B853FD9B-45DA-4524-8E5D-9BDC24C29F63}"
EndProject
Project("{F2A71F9B-5D33-465A-A702-920D77279786}") = "Tests", "Tests\Tests.fsproj", "{8FFAF33E-03C8-4A55-84E1-C42E0C602625}"
EndProject
Project("{F2A71F9B-5D33-465A-A702-920D77279786}") = "Benchmarks", "Benchmarks\Benchmarks.fsproj", "{66023F5A-8456-4F66-9318-A0BFB68ED14A}"
EndProject
Global
	GlobalSection(SolutionConfigurationPlatforms) = preSolution
		Debug|Any CPU = Debug|Any CPU
		Release|Any CPU = Release|Any CPU
	EndGlobalSection
	GlobalSection(SolutionProperties) = preSolution
		HideSolutionNode = FALSE
	EndGlobalSection
	GlobalSection(ProjectConfigurationPlatforms) = postSolution
		{B853FD9B-45DA-4524-8E5D-9BDC24C29F63}.Debug|Any CPU.ActiveCfg = Debug|Any CPU
		{B853FD9B-45DA-4524-8E5D-9BDC24C29F63}.Debug|Any CPU.Build.0 = Debug|Any CPU
		{B853FD9B-45DA-4524-8E5D-9BDC24C29F63}.Release|Any CPU.ActiveCfg = Release|Any CPU
		{B853FD9B-45DA-4524-8E5D-9BDC24C29F63}.Release|Any CPU.Build.0 = Release|Any CPU
		{8FFAF33E-03C8-4A55-84E1-C42E0C602625}.Debug|Any CPU.ActiveCfg = Debug|Any CPU
		{8FFAF33E-03C8-4A55-84E1-C42E0C602625}.Debug|Any CPU.Build.0 = Debug|Any CPU
		{8FFAF33E-03C8-4A55-84E1-C42E0C602625}.Release|Any CPU.ActiveCfg = Release|Any CPU
		{8FFAF33E-03C8-4A55-84E1-C42E0C602625}.Release|Any CPU.Build.0 = Release|Any CPU
		{66023F5A-8456-4F66-9318-A0BFB68ED14A}.Debug|Any CPU.ActiveCfg = Debug|Any CPU
		{66023F5A-8456-4F66-9318-A0BFB68ED14A}.Debug|Any CPU.Build.0 = Debug|Any CPU
		{66023F5A-8456-4F66-9318-A0BFB68ED14A}.Release|Any CPU.ActiveCfg = Release|Any CPU
		{66023F5A-8456-4F66-9318-A0BFB68ED14A}.Release|Any CPU.Build.0 = Release|Any CPU
	EndGlobalSection
	GlobalSection(NestedProjects) = preSolution
		{B853FD9B-45DA-4524-8E5D-9BDC24C29F63} = {00DFC406-0A95-4C11-8BF2-4FD28C28061D}
	EndGlobalSection
EndGlobal
