
Microsoft Visual Studio Solution File, Format Version 12.00
# Visual Studio Version 17
VisualStudioVersion = 17.0.31903.59
MinimumVisualStudioVersion = 10.0.40219.1
Project("{2150E333-8FDC-42A3-9474-1A3956D46DE8}") = "src", "src", "{00DFC406-0A95-4C11-8BF2-4FD28C28061D}"
EndProject
Project("{F2A71F9B-5D33-465A-A702-920D77279786}") = "Library", "src\Library\Library.fsproj", "{B853FD9B-45DA-4524-8E5D-9BDC24C29F63}"
EndProject
Project("{F2A71F9B-5D33-465A-A702-920D77279786}") = "Benchmarks", "Benchmarks\Benchmarks.fsproj", "{66023F5A-8456-4F66-9318-A0BFB68ED14A}"
EndProject
Project("{F2A71F9B-5D33-465A-A702-920D77279786}") = "Trees", "src\Trees\Trees.fsproj", "{CAC5303C-D4CF-493E-94B4-4409BE7F2865}"
EndProject
Project("{2150E333-8FDC-42A3-9474-1A3956D46DE8}") = "Tests", "Tests", "{B4AC50D2-34AD-46DF-B39E-FBCC5D0653C6}"
EndProject
Project("{F2A71F9B-5D33-465A-A702-920D77279786}") = "LibraryT", "Tests\LibraryT\LibraryT.fsproj", "{50BCD587-3D9A-4E4D-B008-883EB8F8640B}"
EndProject
Project("{F2A71F9B-5D33-465A-A702-920D77279786}") = "TreesT", "Tests\TreesT\TreesT.fsproj", "{7E4032B2-27F7-4691-8474-5C57A97F5721}"
EndProject
Project("{F2A71F9B-5D33-465A-A702-920D77279786}") = "ImageProcessing", "src\ImageProcessing\ImageProcessing.fsproj", "{7B9D1692-F56C-43C7-92BA-2CDDE21A7D57}"
EndProject
Project("{F2A71F9B-5D33-465A-A702-920D77279786}") = "ImageProcessingT", "Tests\ImageProcessingT\ImageProcessingT.fsproj", "{EB2F699B-DE06-42EC-974A-A2C39E5C8D2A}"
EndProject
Project("{F2A71F9B-5D33-465A-A702-920D77279786}") = "QTrees", "src\QTrees\QTrees.fsproj", "{DA81BD8C-926A-4F44-84B9-287209C9CD22}"
EndProject
Project("{F2A71F9B-5D33-465A-A702-920D77279786}") = "QTreesT", "Tests\QTreesT\QTreesT.fsproj", "{7F5407A0-D2F4-48A5-BE1F-EE5605803E2B}"
EndProject
Global
	GlobalSection(SolutionConfigurationPlatforms) = preSolution
		Debug|Any CPU = Debug|Any CPU
		Release|Any CPU = Release|Any CPU
	EndGlobalSection
	GlobalSection(SolutionProperties) = preSolution
		HideSolutionNode = FALSE
	EndGlobalSection
	GlobalSection(ProjectConfigurationPlatforms) = postSolution
		{B853FD9B-45DA-4524-8E5D-9BDC24C29F63}.Debug|Any CPU.ActiveCfg = Debug|Any CPU
		{B853FD9B-45DA-4524-8E5D-9BDC24C29F63}.Debug|Any CPU.Build.0 = Debug|Any CPU
		{B853FD9B-45DA-4524-8E5D-9BDC24C29F63}.Release|Any CPU.ActiveCfg = Release|Any CPU
		{B853FD9B-45DA-4524-8E5D-9BDC24C29F63}.Release|Any CPU.Build.0 = Release|Any CPU
		{66023F5A-8456-4F66-9318-A0BFB68ED14A}.Debug|Any CPU.ActiveCfg = Debug|Any CPU
		{66023F5A-8456-4F66-9318-A0BFB68ED14A}.Debug|Any CPU.Build.0 = Debug|Any CPU
		{66023F5A-8456-4F66-9318-A0BFB68ED14A}.Release|Any CPU.ActiveCfg = Release|Any CPU
		{66023F5A-8456-4F66-9318-A0BFB68ED14A}.Release|Any CPU.Build.0 = Release|Any CPU
		{CAC5303C-D4CF-493E-94B4-4409BE7F2865}.Debug|Any CPU.ActiveCfg = Debug|Any CPU
		{CAC5303C-D4CF-493E-94B4-4409BE7F2865}.Debug|Any CPU.Build.0 = Debug|Any CPU
		{CAC5303C-D4CF-493E-94B4-4409BE7F2865}.Release|Any CPU.ActiveCfg = Release|Any CPU
		{CAC5303C-D4CF-493E-94B4-4409BE7F2865}.Release|Any CPU.Build.0 = Release|Any CPU
		{50BCD587-3D9A-4E4D-B008-883EB8F8640B}.Debug|Any CPU.ActiveCfg = Debug|Any CPU
		{50BCD587-3D9A-4E4D-B008-883EB8F8640B}.Debug|Any CPU.Build.0 = Debug|Any CPU
		{50BCD587-3D9A-4E4D-B008-883EB8F8640B}.Release|Any CPU.ActiveCfg = Release|Any CPU
		{50BCD587-3D9A-4E4D-B008-883EB8F8640B}.Release|Any CPU.Build.0 = Release|Any CPU
		{7E4032B2-27F7-4691-8474-5C57A97F5721}.Debug|Any CPU.ActiveCfg = Debug|Any CPU
		{7E4032B2-27F7-4691-8474-5C57A97F5721}.Debug|Any CPU.Build.0 = Debug|Any CPU
		{7E4032B2-27F7-4691-8474-5C57A97F5721}.Release|Any CPU.ActiveCfg = Release|Any CPU
		{7E4032B2-27F7-4691-8474-5C57A97F5721}.Release|Any CPU.Build.0 = Release|Any CPU
		{7B9D1692-F56C-43C7-92BA-2CDDE21A7D57}.Debug|Any CPU.ActiveCfg = Debug|Any CPU
		{7B9D1692-F56C-43C7-92BA-2CDDE21A7D57}.Debug|Any CPU.Build.0 = Debug|Any CPU
		{7B9D1692-F56C-43C7-92BA-2CDDE21A7D57}.Release|Any CPU.ActiveCfg = Release|Any CPU
		{7B9D1692-F56C-43C7-92BA-2CDDE21A7D57}.Release|Any CPU.Build.0 = Release|Any CPU
		{EB2F699B-DE06-42EC-974A-A2C39E5C8D2A}.Debug|Any CPU.ActiveCfg = Debug|Any CPU
		{EB2F699B-DE06-42EC-974A-A2C39E5C8D2A}.Debug|Any CPU.Build.0 = Debug|Any CPU
		{EB2F699B-DE06-42EC-974A-A2C39E5C8D2A}.Release|Any CPU.ActiveCfg = Release|Any CPU
		{EB2F699B-DE06-42EC-974A-A2C39E5C8D2A}.Release|Any CPU.Build.0 = Release|Any CPU
		{DA81BD8C-926A-4F44-84B9-287209C9CD22}.Debug|Any CPU.ActiveCfg = Debug|Any CPU
		{DA81BD8C-926A-4F44-84B9-287209C9CD22}.Debug|Any CPU.Build.0 = Debug|Any CPU
		{DA81BD8C-926A-4F44-84B9-287209C9CD22}.Release|Any CPU.ActiveCfg = Release|Any CPU
		{DA81BD8C-926A-4F44-84B9-287209C9CD22}.Release|Any CPU.Build.0 = Release|Any CPU
		{7F5407A0-D2F4-48A5-BE1F-EE5605803E2B}.Debug|Any CPU.ActiveCfg = Debug|Any CPU
		{7F5407A0-D2F4-48A5-BE1F-EE5605803E2B}.Debug|Any CPU.Build.0 = Debug|Any CPU
		{7F5407A0-D2F4-48A5-BE1F-EE5605803E2B}.Release|Any CPU.ActiveCfg = Release|Any CPU
		{7F5407A0-D2F4-48A5-BE1F-EE5605803E2B}.Release|Any CPU.Build.0 = Release|Any CPU
	EndGlobalSection
	GlobalSection(NestedProjects) = preSolution
		{B853FD9B-45DA-4524-8E5D-9BDC24C29F63} = {00DFC406-0A95-4C11-8BF2-4FD28C28061D}
		{CAC5303C-D4CF-493E-94B4-4409BE7F2865} = {00DFC406-0A95-4C11-8BF2-4FD28C28061D}
		{50BCD587-3D9A-4E4D-B008-883EB8F8640B} = {B4AC50D2-34AD-46DF-B39E-FBCC5D0653C6}
		{7E4032B2-27F7-4691-8474-5C57A97F5721} = {B4AC50D2-34AD-46DF-B39E-FBCC5D0653C6}
		{7B9D1692-F56C-43C7-92BA-2CDDE21A7D57} = {00DFC406-0A95-4C11-8BF2-4FD28C28061D}
		{EB2F699B-DE06-42EC-974A-A2C39E5C8D2A} = {B4AC50D2-34AD-46DF-B39E-FBCC5D0653C6}
		{DA81BD8C-926A-4F44-84B9-287209C9CD22} = {00DFC406-0A95-4C11-8BF2-4FD28C28061D}
		{7F5407A0-D2F4-48A5-BE1F-EE5605803E2B} = {B4AC50D2-34AD-46DF-B39E-FBCC5D0653C6}
	EndGlobalSection
EndGlobal
