
Microsoft Visual Studio Solution File, Format Version 12.00
# Visual Studio Version 17
VisualStudioVersion = 17.0.31903.59
MinimumVisualStudioVersion = 10.0.40219.1
Project("{2150E333-8FDC-42A3-9474-1A3956D46DE8}") = "src", "src", "{DDD008BA-FDF7-406F-A296-A574F5FCDA0C}"
EndProject
Project("{F2A71F9B-5D33-465A-A702-920D77279786}") = "Library", "src\Library\Library.fsproj", "{A0C01496-3A4E-4B13-9598-41400D7D1919}"
EndProject
Project("{F2A71F9B-5D33-465A-A702-920D77279786}") = "Tests", "Tests\Tests.fsproj", "{4B38CD6C-F4A5-417D-B08B-A47B3358A4C9}"
EndProject
Project("{F2A71F9B-5D33-465A-A702-920D77279786}") = "FsCheckTest", "FsCheckTest\FsCheckTest.fsproj", "{A6E6CE56-AAE0-4582-9B8D-DB02C4E69CBF}"
EndProject
Global
	GlobalSection(SolutionConfigurationPlatforms) = preSolution
		Debug|Any CPU = Debug|Any CPU
		Release|Any CPU = Release|Any CPU
	EndGlobalSection
	GlobalSection(SolutionProperties) = preSolution
		HideSolutionNode = FALSE
	EndGlobalSection
	GlobalSection(ProjectConfigurationPlatforms) = postSolution
		{A0C01496-3A4E-4B13-9598-41400D7D1919}.Debug|Any CPU.ActiveCfg = Debug|Any CPU
		{A0C01496-3A4E-4B13-9598-41400D7D1919}.Debug|Any CPU.Build.0 = Debug|Any CPU
		{A0C01496-3A4E-4B13-9598-41400D7D1919}.Release|Any CPU.ActiveCfg = Release|Any CPU
		{A0C01496-3A4E-4B13-9598-41400D7D1919}.Release|Any CPU.Build.0 = Release|Any CPU
		{4B38CD6C-F4A5-417D-B08B-A47B3358A4C9}.Debug|Any CPU.ActiveCfg = Debug|Any CPU
		{4B38CD6C-F4A5-417D-B08B-A47B3358A4C9}.Debug|Any CPU.Build.0 = Debug|Any CPU
		{4B38CD6C-F4A5-417D-B08B-A47B3358A4C9}.Release|Any CPU.ActiveCfg = Release|Any CPU
		{4B38CD6C-F4A5-417D-B08B-A47B3358A4C9}.Release|Any CPU.Build.0 = Release|Any CPU
		{A6E6CE56-AAE0-4582-9B8D-DB02C4E69CBF}.Debug|Any CPU.ActiveCfg = Debug|Any CPU
		{A6E6CE56-AAE0-4582-9B8D-DB02C4E69CBF}.Debug|Any CPU.Build.0 = Debug|Any CPU
		{A6E6CE56-AAE0-4582-9B8D-DB02C4E69CBF}.Release|Any CPU.ActiveCfg = Release|Any CPU
		{A6E6CE56-AAE0-4582-9B8D-DB02C4E69CBF}.Release|Any CPU.Build.0 = Release|Any CPU
	EndGlobalSection
	GlobalSection(NestedProjects) = preSolution
		{A0C01496-3A4E-4B13-9598-41400D7D1919} = {DDD008BA-FDF7-406F-A296-A574F5FCDA0C}
	EndGlobalSection
EndGlobal
