{
  "version": 3,
  "targets": {
    "net8.0/linux-x64": {
      "dotnet-fsharplint/0.24.2": {
        "type": "package",
        "tools": {
          "tools/net6.0/any/Argu.dll": {},
          "tools/net6.0/any/DotnetToolSettings.xml": {},
          "tools/net6.0/any/FParsec.dll": {},
          "tools/net6.0/any/FParsecCS.dll": {},
          "tools/net6.0/any/FSharp.Compiler.Service.dll": {},
          "tools/net6.0/any/FSharp.Control.Reactive.dll": {},
          "tools/net6.0/any/FSharp.Core.dll": {},
          "tools/net6.0/any/FSharp.Core.xml": {},
          "tools/net6.0/any/FSharp.DependencyManager.Nuget.dll": {},
          "tools/net6.0/any/FSharpLint.Core.dll": {},
          "tools/net6.0/any/FSharpLint.Core.xml": {},
          "tools/net6.0/any/Ionide.ProjInfo.FCS.dll": {},
          "tools/net6.0/any/Ionide.ProjInfo.ProjectSystem.dll": {},
          "tools/net6.0/any/Ionide.ProjInfo.Sln.dll": {},
          "tools/net6.0/any/Ionide.ProjInfo.dll": {},
          "tools/net6.0/any/Microsoft.Build.Locator.dll": {},
          "tools/net6.0/any/Newtonsoft.Json.dll": {},
          "tools/net6.0/any/SemanticVersioning.dll": {},
          "tools/net6.0/any/System.Diagnostics.DiagnosticSource.dll": {},
          "tools/net6.0/any/System.Reactive.dll": {},
          "tools/net6.0/any/cs/FSharp.Compiler.Service.resources.dll": {},
          "tools/net6.0/any/cs/FSharp.Core.resources.dll": {},
          "tools/net6.0/any/cs/FSharp.DependencyManager.Nuget.resources.dll": {},
          "tools/net6.0/any/de/FSharp.Compiler.Service.resources.dll": {},
          "tools/net6.0/any/de/FSharp.Core.resources.dll": {},
          "tools/net6.0/any/de/FSharp.DependencyManager.Nuget.resources.dll": {},
          "tools/net6.0/any/dotnet-fsharplint.deps.json": {},
          "tools/net6.0/any/dotnet-fsharplint.dll": {},
          "tools/net6.0/any/dotnet-fsharplint.runtimeconfig.json": {},
          "tools/net6.0/any/es/FSharp.Compiler.Service.resources.dll": {},
          "tools/net6.0/any/es/FSharp.Core.resources.dll": {},
          "tools/net6.0/any/es/FSharp.DependencyManager.Nuget.resources.dll": {},
          "tools/net6.0/any/fr/FSharp.Compiler.Service.resources.dll": {},
          "tools/net6.0/any/fr/FSharp.Core.resources.dll": {},
          "tools/net6.0/any/fr/FSharp.DependencyManager.Nuget.resources.dll": {},
          "tools/net6.0/any/fsharplint.json": {},
          "tools/net6.0/any/it/FSharp.Compiler.Service.resources.dll": {},
          "tools/net6.0/any/it/FSharp.Core.resources.dll": {},
          "tools/net6.0/any/it/FSharp.DependencyManager.Nuget.resources.dll": {},
          "tools/net6.0/any/ja/FSharp.Compiler.Service.resources.dll": {},
          "tools/net6.0/any/ja/FSharp.Core.resources.dll": {},
          "tools/net6.0/any/ja/FSharp.DependencyManager.Nuget.resources.dll": {},
          "tools/net6.0/any/ko/FSharp.Compiler.Service.resources.dll": {},
          "tools/net6.0/any/ko/FSharp.Core.resources.dll": {},
          "tools/net6.0/any/ko/FSharp.DependencyManager.Nuget.resources.dll": {},
          "tools/net6.0/any/pl/FSharp.Compiler.Service.resources.dll": {},
          "tools/net6.0/any/pl/FSharp.Core.resources.dll": {},
          "tools/net6.0/any/pl/FSharp.DependencyManager.Nuget.resources.dll": {},
          "tools/net6.0/any/pt-BR/FSharp.Compiler.Service.resources.dll": {},
          "tools/net6.0/any/pt-BR/FSharp.Core.resources.dll": {},
          "tools/net6.0/any/pt-BR/FSharp.DependencyManager.Nuget.resources.dll": {},
          "tools/net6.0/any/ru/FSharp.Compiler.Service.resources.dll": {},
          "tools/net6.0/any/ru/FSharp.Core.resources.dll": {},
          "tools/net6.0/any/ru/FSharp.DependencyManager.Nuget.resources.dll": {},
          "tools/net6.0/any/tr/FSharp.Compiler.Service.resources.dll": {},
          "tools/net6.0/any/tr/FSharp.Core.resources.dll": {},
          "tools/net6.0/any/tr/FSharp.DependencyManager.Nuget.resources.dll": {},
          "tools/net6.0/any/zh-Hans/FSharp.Compiler.Service.resources.dll": {},
          "tools/net6.0/any/zh-Hans/FSharp.Core.resources.dll": {},
          "tools/net6.0/any/zh-Hans/FSharp.DependencyManager.Nuget.resources.dll": {},
          "tools/net6.0/any/zh-Hant/FSharp.Compiler.Service.resources.dll": {},
          "tools/net6.0/any/zh-Hant/FSharp.Core.resources.dll": {},
          "tools/net6.0/any/zh-Hant/FSharp.DependencyManager.Nuget.resources.dll": {}
        }
      }
    }
  },
  "libraries": {},
  "projectFileDependencyGroups": {}
}